
Microsoft Visual Studio Solution File, Format Version 12.00
# Visual Studio Version 16
VisualStudioVersion = 16.0.32407.337
MinimumVisualStudioVersion = 10.0.40219.1
Project("{FAE04EC0-301F-11D3-BF4B-00C04F79EFBC}") = "HypernationAPI", "HypernationAPI\HypernationAPI.csproj", "{9002A376-42F4-4A87-A0BF-CED02429DDD5}"
EndProject
Project("{FAE04EC0-301F-11D3-BF4B-00C04F79EFBC}") = "HypBLL", "HypBLL\HypBLL.csproj", "{305298CA-3531-4478-9250-0571CBB8D47C}"
EndProject
Project("{FAE04EC0-301F-11D3-BF4B-00C04F79EFBC}") = "Models", "Models\Models.csproj", "{898415B0-9AB3-4DE6-8B73-6A5A679DB6DB}"
EndProject
Global
	GlobalSection(SolutionConfigurationPlatforms) = preSolution
		Debug|Any CPU = Debug|Any CPU
		Release|Any CPU = Release|Any CPU
	EndGlobalSection
	GlobalSection(ProjectConfigurationPlatforms) = postSolution
		{9002A376-42F4-4A87-A0BF-CED02429DDD5}.Debug|Any CPU.ActiveCfg = Debug|Any CPU
		{9002A376-42F4-4A87-A0BF-CED02429DDD5}.Debug|Any CPU.Build.0 = Debug|Any CPU
		{9002A376-42F4-4A87-A0BF-CED02429DDD5}.Release|Any CPU.ActiveCfg = Release|Any CPU
		{9002A376-42F4-4A87-A0BF-CED02429DDD5}.Release|Any CPU.Build.0 = Release|Any CPU
		{305298CA-3531-4478-9250-0571CBB8D47C}.Debug|Any CPU.ActiveCfg = Debug|Any CPU
		{305298CA-3531-4478-9250-0571CBB8D47C}.Debug|Any CPU.Build.0 = Debug|Any CPU
		{305298CA-3531-4478-9250-0571CBB8D47C}.Release|Any CPU.ActiveCfg = Release|Any CPU
		{305298CA-3531-4478-9250-0571CBB8D47C}.Release|Any CPU.Build.0 = Release|Any CPU
		{898415B0-9AB3-4DE6-8B73-6A5A679DB6DB}.Debug|Any CPU.ActiveCfg = Debug|Any CPU
		{898415B0-9AB3-4DE6-8B73-6A5A679DB6DB}.Debug|Any CPU.Build.0 = Debug|Any CPU
		{898415B0-9AB3-4DE6-8B73-6A5A679DB6DB}.Release|Any CPU.ActiveCfg = Release|Any CPU
		{898415B0-9AB3-4DE6-8B73-6A5A679DB6DB}.Release|Any CPU.Build.0 = Release|Any CPU
	EndGlobalSection
	GlobalSection(SolutionProperties) = preSolution
		HideSolutionNode = FALSE
	EndGlobalSection
	GlobalSection(ExtensibilityGlobals) = postSolution
		SolutionGuid = {FA892E4E-4632-4FC2-A6C7-CF1E6C83BBF7}
	EndGlobalSection
EndGlobal
