
Microsoft Visual Studio Solution File, Format Version 12.00
# Visual Studio Version 17
VisualStudioVersion = 17.0.32014.148
MinimumVisualStudioVersion = 10.0.40219.1
Project("{FAE04EC0-301F-11D3-BF4B-00C04F79EFBC}") = "HypernationAPI", "HypernationAPI\HypernationAPI.csproj", "{DD3459DF-4399-43C1-A406-96CBA7AA27B3}"
EndProject
Project("{FAE04EC0-301F-11D3-BF4B-00C04F79EFBC}") = "HypBLL", "HypBLL\HypBLL.csproj", "{50016BE4-EA32-4333-8CA0-93A98CE4384F}"
EndProject
Global
	GlobalSection(SolutionConfigurationPlatforms) = preSolution
		Debug|Any CPU = Debug|Any CPU
		Release|Any CPU = Release|Any CPU
	EndGlobalSection
	GlobalSection(ProjectConfigurationPlatforms) = postSolution
		{DD3459DF-4399-43C1-A406-96CBA7AA27B3}.Debug|Any CPU.ActiveCfg = Debug|Any CPU
		{DD3459DF-4399-43C1-A406-96CBA7AA27B3}.Debug|Any CPU.Build.0 = Debug|Any CPU
		{DD3459DF-4399-43C1-A406-96CBA7AA27B3}.Release|Any CPU.ActiveCfg = Release|Any CPU
		{DD3459DF-4399-43C1-A406-96CBA7AA27B3}.Release|Any CPU.Build.0 = Release|Any CPU
		{50016BE4-EA32-4333-8CA0-93A98CE4384F}.Debug|Any CPU.ActiveCfg = Debug|Any CPU
		{50016BE4-EA32-4333-8CA0-93A98CE4384F}.Debug|Any CPU.Build.0 = Debug|Any CPU
		{50016BE4-EA32-4333-8CA0-93A98CE4384F}.Release|Any CPU.ActiveCfg = Release|Any CPU
		{50016BE4-EA32-4333-8CA0-93A98CE4384F}.Release|Any CPU.Build.0 = Release|Any CPU
	EndGlobalSection
	GlobalSection(SolutionProperties) = preSolution
		HideSolutionNode = FALSE
	EndGlobalSection
	GlobalSection(ExtensibilityGlobals) = postSolution
		SolutionGuid = {8D858075-BD19-45C9-9777-4F8C8223C317}
	EndGlobalSection
EndGlobal
